
Microsoft Visual Studio Solution File, Format Version 12.00
# Visual Studio 15
VisualStudioVersion = 15.0.28307.1082
MinimumVisualStudioVersion = 10.0.40219.1
Project("{FAE04EC0-301F-11D3-BF4B-00C04F79EFBC}") = "mortuary", "mortuary\mortuary.csproj", "{AA2501E1-45FC-4603-B314-BC7EF873F0C2}"
EndProject
Project("{FAE04EC0-301F-11D3-BF4B-00C04F79EFBC}") = "mortuary.Tests", "mortuary.Tests\mortuary.Tests.csproj", "{CBCA233F-D357-46E7-BEB0-A96D6BD6C624}"
EndProject
Global
	GlobalSection(SolutionConfigurationPlatforms) = preSolution
		Debug|Any CPU = Debug|Any CPU
		Release|Any CPU = Release|Any CPU
	EndGlobalSection
	GlobalSection(ProjectConfigurationPlatforms) = postSolution
		{AA2501E1-45FC-4603-B314-BC7EF873F0C2}.Debug|Any CPU.ActiveCfg = Debug|Any CPU
		{AA2501E1-45FC-4603-B314-BC7EF873F0C2}.Debug|Any CPU.Build.0 = Debug|Any CPU
		{AA2501E1-45FC-4603-B314-BC7EF873F0C2}.Release|Any CPU.ActiveCfg = Release|Any CPU
		{AA2501E1-45FC-4603-B314-BC7EF873F0C2}.Release|Any CPU.Build.0 = Release|Any CPU
		{CBCA233F-D357-46E7-BEB0-A96D6BD6C624}.Debug|Any CPU.ActiveCfg = Debug|Any CPU
		{CBCA233F-D357-46E7-BEB0-A96D6BD6C624}.Debug|Any CPU.Build.0 = Debug|Any CPU
		{CBCA233F-D357-46E7-BEB0-A96D6BD6C624}.Release|Any CPU.ActiveCfg = Release|Any CPU
		{CBCA233F-D357-46E7-BEB0-A96D6BD6C624}.Release|Any CPU.Build.0 = Release|Any CPU
	EndGlobalSection
	GlobalSection(SolutionProperties) = preSolution
		HideSolutionNode = FALSE
	EndGlobalSection
	GlobalSection(ExtensibilityGlobals) = postSolution
		SolutionGuid = {63818FBC-2BDC-40BF-A77A-8A4E51CE1579}
	EndGlobalSection
EndGlobal
